github.com/dutchcoders/go-ouitools v0.0.0-20150909074929-ac8139d3326a h1:k0tlcLlo0xiIQ+PsvXHcMw5lmrWJ2dgtplMk5SnvAuw=
github.com/dutchcoders/go-ouitools v0.0.0-20150909074929-ac8139d3326a/go.mod h1:iw2+sjeXZHqxa3T+ufyw4bBRZyfp5B4prg1YPMHV4V0=
github.com/j-keck/arping v1.0.1 h1:XrO9juQieAQHE7DlwT7zFLUK2u3Oi/4Uz2B3ZTxvhxg=
github.com/j-keck/arping v1.0.1/go.mod h1:aJbELhR92bSk7tp79AWM/ftfc90EfEi2bQJrbBFOsPw=
github.com/mostlygeek/arp v0.0.0-20170424181311-541a2129847a h1:AfneHvfmYgUIcgdUrrDFklLdEzQAvG9AKRTe1x1mx/0=
github.com/mostlygeek/arp v0.0.0-20170424181311-541a2129847a/go.mod h1:jZxafo9CAqaKFQE4zitrg5QNlA6CXUsjwXPlIppF3tk=
